
Microsoft Visual Studio Solution File, Format Version 12.00
# Visual Studio Version 17
VisualStudioVersion = 17.0.31903.59
MinimumVisualStudioVersion = 10.0.40219.1
Project("{FAE04EC0-301F-11D3-BF4B-00C04F79EFBC}") = "RequestsManagement.DTO", "RequestsManagement.DTO\RequestsManagement.DTO.csproj", "{06A59C31-1BDA-47B2-8344-A7C867D572CF}"
EndProject
Project("{FAE04EC0-301F-11D3-BF4B-00C04F79EFBC}") = "RequestsManagement.DAL", "RequestsManagement.DAL\RequestsManagement.DAL.csproj", "{EC0628FB-C949-4EF2-8E83-9CDAC2855CC3}"
EndProject
Project("{FAE04EC0-301F-11D3-BF4B-00C04F79EFBC}") = "RequestsManagement.BL", "RequestsManagement.BL\RequestsManagement.BL.csproj", "{7E90F5AE-57B6-483D-A84C-CA9E91EB1209}"
EndProject
Project("{FAE04EC0-301F-11D3-BF4B-00C04F79EFBC}") = "RequestsManagement.WebApi", "RequestsManagement.WebApi\RequestsManagement.WebApi.csproj", "{507604DD-5369-4CBA-BC43-2A4691D469C8}"
EndProject
Project("{FAE04EC0-301F-11D3-BF4B-00C04F79EFBC}") = "RequestsManagement.Tests", "RequestsManagement.Tests\RequestsManagement.Tests.csproj", "{578D0248-39F2-4549-B37E-9515447620E0}"
EndProject
Global
	GlobalSection(SolutionConfigurationPlatforms) = preSolution
		Debug|Any CPU = Debug|Any CPU
		Debug|x64 = Debug|x64
		Debug|x86 = Debug|x86
		Release|Any CPU = Release|Any CPU
		Release|x64 = Release|x64
		Release|x86 = Release|x86
	EndGlobalSection
	GlobalSection(ProjectConfigurationPlatforms) = postSolution
		{06A59C31-1BDA-47B2-8344-A7C867D572CF}.Debug|Any CPU.ActiveCfg = Debug|Any CPU
		{06A59C31-1BDA-47B2-8344-A7C867D572CF}.Debug|Any CPU.Build.0 = Debug|Any CPU
		{06A59C31-1BDA-47B2-8344-A7C867D572CF}.Debug|x64.ActiveCfg = Debug|Any CPU
		{06A59C31-1BDA-47B2-8344-A7C867D572CF}.Debug|x64.Build.0 = Debug|Any CPU
		{06A59C31-1BDA-47B2-8344-A7C867D572CF}.Debug|x86.ActiveCfg = Debug|Any CPU
		{06A59C31-1BDA-47B2-8344-A7C867D572CF}.Debug|x86.Build.0 = Debug|Any CPU
		{06A59C31-1BDA-47B2-8344-A7C867D572CF}.Release|Any CPU.ActiveCfg = Release|Any CPU
		{06A59C31-1BDA-47B2-8344-A7C867D572CF}.Release|Any CPU.Build.0 = Release|Any CPU
		{06A59C31-1BDA-47B2-8344-A7C867D572CF}.Release|x64.ActiveCfg = Release|Any CPU
		{06A59C31-1BDA-47B2-8344-A7C867D572CF}.Release|x64.Build.0 = Release|Any CPU
		{06A59C31-1BDA-47B2-8344-A7C867D572CF}.Release|x86.ActiveCfg = Release|Any CPU
		{06A59C31-1BDA-47B2-8344-A7C867D572CF}.Release|x86.Build.0 = Release|Any CPU
		{EC0628FB-C949-4EF2-8E83-9CDAC2855CC3}.Debug|Any CPU.ActiveCfg = Debug|Any CPU
		{EC0628FB-C949-4EF2-8E83-9CDAC2855CC3}.Debug|Any CPU.Build.0 = Debug|Any CPU
		{EC0628FB-C949-4EF2-8E83-9CDAC2855CC3}.Debug|x64.ActiveCfg = Debug|Any CPU
		{EC0628FB-C949-4EF2-8E83-9CDAC2855CC3}.Debug|x64.Build.0 = Debug|Any CPU
		{EC0628FB-C949-4EF2-8E83-9CDAC2855CC3}.Debug|x86.ActiveCfg = Debug|Any CPU
		{EC0628FB-C949-4EF2-8E83-9CDAC2855CC3}.Debug|x86.Build.0 = Debug|Any CPU
		{EC0628FB-C949-4EF2-8E83-9CDAC2855CC3}.Release|Any CPU.ActiveCfg = Release|Any CPU
		{EC0628FB-C949-4EF2-8E83-9CDAC2855CC3}.Release|Any CPU.Build.0 = Release|Any CPU
		{EC0628FB-C949-4EF2-8E83-9CDAC2855CC3}.Release|x64.ActiveCfg = Release|Any CPU
		{EC0628FB-C949-4EF2-8E83-9CDAC2855CC3}.Release|x64.Build.0 = Release|Any CPU
		{EC0628FB-C949-4EF2-8E83-9CDAC2855CC3}.Release|x86.ActiveCfg = Release|Any CPU
		{EC0628FB-C949-4EF2-8E83-9CDAC2855CC3}.Release|x86.Build.0 = Release|Any CPU
		{7E90F5AE-57B6-483D-A84C-CA9E91EB1209}.Debug|Any CPU.ActiveCfg = Debug|Any CPU
		{7E90F5AE-57B6-483D-A84C-CA9E91EB1209}.Debug|Any CPU.Build.0 = Debug|Any CPU
		{7E90F5AE-57B6-483D-A84C-CA9E91EB1209}.Debug|x64.ActiveCfg = Debug|Any CPU
		{7E90F5AE-57B6-483D-A84C-CA9E91EB1209}.Debug|x64.Build.0 = Debug|Any CPU
		{7E90F5AE-57B6-483D-A84C-CA9E91EB1209}.Debug|x86.ActiveCfg = Debug|Any CPU
		{7E90F5AE-57B6-483D-A84C-CA9E91EB1209}.Debug|x86.Build.0 = Debug|Any CPU
		{7E90F5AE-57B6-483D-A84C-CA9E91EB1209}.Release|Any CPU.ActiveCfg = Release|Any CPU
		{7E90F5AE-57B6-483D-A84C-CA9E91EB1209}.Release|Any CPU.Build.0 = Release|Any CPU
		{7E90F5AE-57B6-483D-A84C-CA9E91EB1209}.Release|x64.ActiveCfg = Release|Any CPU
		{7E90F5AE-57B6-483D-A84C-CA9E91EB1209}.Release|x64.Build.0 = Release|Any CPU
		{7E90F5AE-57B6-483D-A84C-CA9E91EB1209}.Release|x86.ActiveCfg = Release|Any CPU
		{7E90F5AE-57B6-483D-A84C-CA9E91EB1209}.Release|x86.Build.0 = Release|Any CPU
		{507604DD-5369-4CBA-BC43-2A4691D469C8}.Debug|Any CPU.ActiveCfg = Debug|Any CPU
		{507604DD-5369-4CBA-BC43-2A4691D469C8}.Debug|Any CPU.Build.0 = Debug|Any CPU
		{507604DD-5369-4CBA-BC43-2A4691D469C8}.Debug|x64.ActiveCfg = Debug|Any CPU
		{507604DD-5369-4CBA-BC43-2A4691D469C8}.Debug|x64.Build.0 = Debug|Any CPU
		{507604DD-5369-4CBA-BC43-2A4691D469C8}.Debug|x86.ActiveCfg = Debug|Any CPU
		{507604DD-5369-4CBA-BC43-2A4691D469C8}.Debug|x86.Build.0 = Debug|Any CPU
		{507604DD-5369-4CBA-BC43-2A4691D469C8}.Release|Any CPU.ActiveCfg = Release|Any CPU
		{507604DD-5369-4CBA-BC43-2A4691D469C8}.Release|Any CPU.Build.0 = Release|Any CPU
		{507604DD-5369-4CBA-BC43-2A4691D469C8}.Release|x64.ActiveCfg = Release|Any CPU
		{507604DD-5369-4CBA-BC43-2A4691D469C8}.Release|x64.Build.0 = Release|Any CPU
		{507604DD-5369-4CBA-BC43-2A4691D469C8}.Release|x86.ActiveCfg = Release|Any CPU
		{507604DD-5369-4CBA-BC43-2A4691D469C8}.Release|x86.Build.0 = Release|Any CPU
		{578D0248-39F2-4549-B37E-9515447620E0}.Debug|Any CPU.ActiveCfg = Debug|Any CPU
		{578D0248-39F2-4549-B37E-9515447620E0}.Debug|Any CPU.Build.0 = Debug|Any CPU
		{578D0248-39F2-4549-B37E-9515447620E0}.Debug|x64.ActiveCfg = Debug|Any CPU
		{578D0248-39F2-4549-B37E-9515447620E0}.Debug|x64.Build.0 = Debug|Any CPU
		{578D0248-39F2-4549-B37E-9515447620E0}.Debug|x86.ActiveCfg = Debug|Any CPU
		{578D0248-39F2-4549-B37E-9515447620E0}.Debug|x86.Build.0 = Debug|Any CPU
		{578D0248-39F2-4549-B37E-9515447620E0}.Release|Any CPU.ActiveCfg = Release|Any CPU
		{578D0248-39F2-4549-B37E-9515447620E0}.Release|Any CPU.Build.0 = Release|Any CPU
		{578D0248-39F2-4549-B37E-9515447620E0}.Release|x64.ActiveCfg = Release|Any CPU
		{578D0248-39F2-4549-B37E-9515447620E0}.Release|x64.Build.0 = Release|Any CPU
		{578D0248-39F2-4549-B37E-9515447620E0}.Release|x86.ActiveCfg = Release|Any CPU
		{578D0248-39F2-4549-B37E-9515447620E0}.Release|x86.Build.0 = Release|Any CPU
	EndGlobalSection
	GlobalSection(SolutionProperties) = preSolution
		HideSolutionNode = FALSE
	EndGlobalSection
EndGlobal
